
Microsoft Visual Studio Solution File, Format Version 12.00
# Visual Studio 15
VisualStudioVersion = 15.0.28010.2048
MinimumVisualStudioVersion = 10.0.40219.1
Project("{9A19103F-16F7-4668-BE54-9A1E7A4F7556}") = "ChatRoomLocal", "ChatRoomLocal.csproj", "{36B2FB1B-D190-43AE-967F-6D004124591C}"
EndProject
Global
	GlobalSection(SolutionConfigurationPlatforms) = preSolution
		Debug|Any CPU = Debug|Any CPU
		Release|Any CPU = Release|Any CPU
	EndGlobalSection
	GlobalSection(ProjectConfigurationPlatforms) = postSolution
		{36B2FB1B-D190-43AE-967F-6D004124591C}.Debug|Any CPU.ActiveCfg = Debug|Any CPU
		{36B2FB1B-D190-43AE-967F-6D004124591C}.Debug|Any CPU.Build.0 = Debug|Any CPU
		{36B2FB1B-D190-43AE-967F-6D004124591C}.Release|Any CPU.ActiveCfg = Release|Any CPU
		{36B2FB1B-D190-43AE-967F-6D004124591C}.Release|Any CPU.Build.0 = Release|Any CPU
	EndGlobalSection
	GlobalSection(SolutionProperties) = preSolution
		HideSolutionNode = FALSE
	EndGlobalSection
	GlobalSection(ExtensibilityGlobals) = postSolution
		SolutionGuid = {2A9C7F67-5868-4559-923A-190BEF6EFEB8}
	EndGlobalSection
EndGlobal
